// !$*UTF8*$!
{
	archiveVersion = 1;
	classes = {
	};
	objectVersion = 46;
	objects = {

/* Begin PBXBuildFile section */
		6BD66AF61E08D6A400F871D7 /* main.m in Sources */ = {isa = PBXBuildFile; fileRef = 6BD66AF51E08D6A400F871D7 /* main.m */; };
		6BD66AF91E08D6A400F871D7 /* AppDelegate.m in Sources */ = {isa = PBXBuildFile; fileRef = 6BD66AF81E08D6A400F871D7 /* AppDelegate.m */; };
		6BD66AFF1E08D6A400F871D7 /* Main.storyboard in Resources */ = {isa = PBXBuildFile; fileRef = 6BD66AFD1E08D6A400F871D7 /* Main.storyboard */; };
		6BD66B011E08D6A400F871D7 /* Assets.xcassets in Resources */ = {isa = PBXBuildFile; fileRef = 6BD66B001E08D6A400F871D7 /* Assets.xcassets */; };
		6BD66B041E08D6A400F871D7 /* LaunchScreen.storyboard in Resources */ = {isa = PBXBuildFile; fileRef = 6BD66B021E08D6A400F871D7 /* LaunchScreen.storyboard */; };
		6BD66B0D1E08D86200F871D7 /* ActivityIndicatorViewController.m in Sources */ = {isa = PBXBuildFile; fileRef = 6BD66B0C1E08D86200F871D7 /* ActivityIndicatorViewController.m */; };
/* End PBXBuildFile section */

/* Begin PBXFileReference section */
		6BD66AF11E08D6A400F871D7 /* ActivityIndicatorView.app */ = {isa = PBXFileReference; explicitFileType = wrapper.application; includeInIndex = 0; path = ActivityIndicatorView.app; sourceTree = BUILT_PRODUCTS_DIR; };
		6BD66AF51E08D6A400F871D7 /* main.m */ = {isa = PBXFileReference; lastKnownFileType = sourcecode.c.objc; path = main.m; sourceTree = "<group>"; };
		6BD66AF71E08D6A400F871D7 /* AppDelegate.h */ = {isa = PBXFileReference; lastKnownFileType = sourcecode.c.h; path = AppDelegate.h; sourceTree = "<group>"; };
		6BD66AF81E08D6A400F871D7 /* AppDelegate.m */ = {isa = PBXFileReference; lastKnownFileType = sourcecode.c.objc; path = AppDelegate.m; sourceTree = "<group>"; };
		6BD66AFE1E08D6A400F871D7 /* Base */ = {isa = PBXFileReference; lastKnownFileType = file.storyboard; name = Base; path = Base.lproj/Main.storyboard; sourceTree = "<group>"; };
		6BD66B001E08D6A400F871D7 /* Assets.xcassets */ = {isa = PBXFileReference; lastKnownFileType = folder.assetcatalog; path = Assets.xcassets; sourceTree = "<group>"; };
		6BD66B031E08D6A400F871D7 /* Base */ = {isa = PBXFileReference; lastKnownFileType = file.storyboard; name = Base; path = Base.lproj/LaunchScreen.storyboard; sourceTree = "<group>"; };
		6BD66B051E08D6A400F871D7 /* Info.plist */ = {isa = PBXFileReference; lastKnownFileType = text.plist.xml; path = Info.plist; sourceTree = "<group>"; };
		6BD66B0B1E08D86200F871D7 /* ActivityIndicatorViewController.h */ = {isa = PBXFileReference; fileEncoding = 4; lastKnownFileType = sourcecode.c.h; path = ActivityIndicatorViewController.h; sourceTree = "<group>"; };
		6BD66B0C1E08D86200F871D7 /* ActivityIndicatorViewController.m */ = {isa = PBXFileReference; fileEncoding = 4; lastKnownFileType = sourcecode.c.objc; path = ActivityIndicatorViewController.m; sourceTree = "<group>"; };
/* End PBXFileReference section */

/* Begin PBXFrameworksBuildPhase section */
		6BD66AEE1E08D6A400F871D7 /* Frameworks */ = {
			isa = PBXFrameworksBuildPhase;
			buildActionMask = 2147483647;
			files = (
			);
			runOnlyForDeploymentPostprocessing = 0;
		};
/* End PBXFrameworksBuildPhase section */

/* Begin PBXGroup section */
		6BD66AE81E08D6A400F871D7 = {
			isa = PBXGroup;
			children = (
				6BD66AF31E08D6A400F871D7 /* ActivityIndicatorView */,
				6BD66AF21E08D6A400F871D7 /* Products */,
			);
			sourceTree = "<group>";
		};
		6BD66AF21E08D6A400F871D7 /* Products */ = {
			isa = PBXGroup;
			children = (
				6BD66AF11E08D6A400F871D7 /* ActivityIndicatorView.app */,
			);
			name = Products;
			sourceTree = "<group>";
		};
		6BD66AF31E08D6A400F871D7 /* ActivityIndicatorView */ = {
			isa = PBXGroup;
			children = (
				6BD66AF71E08D6A400F871D7 /* AppDelegate.h */,
				6BD66AF81E08D6A400F871D7 /* AppDelegate.m */,
				6BD66B0B1E08D86200F871D7 /* ActivityIndicatorViewController.h */,
				6BD66B0C1E08D86200F871D7 /* ActivityIndicatorViewController.m */,
				6BD66AFD1E08D6A400F871D7 /* Main.storyboard */,
				6BD66B001E08D6A400F871D7 /* Assets.xcassets */,
				6BD66B021E08D6A400F871D7 /* LaunchScreen.storyboard */,
				6BD66B051E08D6A400F871D7 /* Info.plist */,
				6BD66AF41E08D6A400F871D7 /* Supporting Files */,
			);
			path = ActivityIndicatorView;
			sourceTree = "<group>";
		};
		6BD66AF41E08D6A400F871D7 /* Supporting Files */ = {
			isa = PBXGroup;
			children = (
				6BD66AF51E08D6A400F871D7 /* main.m */,
			);
			name = "Supporting Files";
			sourceTree = "<group>";
		};
/* End PBXGroup section */

/* Begin PBXNativeTarget section */
		6BD66AF01E08D6A400F871D7 /* ActivityIndicatorView */ = {
			isa = PBXNativeTarget;
			buildConfigurationList = 6BD66B081E08D6A400F871D7 /* Build configuration list for PBXNativeTarget "ActivityIndicatorView" */;
			buildPhases = (
				6BD66AED1E08D6A400F871D7 /* Sources */,
				6BD66AEE1E08D6A400F871D7 /* Frameworks */,
				6BD66AEF1E08D6A400F871D7 /* Resources */,
			);
			buildRules = (
			);
			dependencies = (
			);
			name = ActivityIndicatorView;
			productName = ActivityIndicatorView;
			productReference = 6BD66AF11E08D6A400F871D7 /* ActivityIndicatorView.app */;
			productType = "com.apple.product-type.application";
		};
/* End PBXNativeTarget section */

/* Begin PBXProject section */
		6BD66AE91E08D6A400F871D7 /* Project object */ = {
			isa = PBXProject;
			attributes = {
				LastUpgradeCheck = 0810;
				ORGANIZATIONNAME = LC;
				TargetAttributes = {
					6BD66AF01E08D6A400F871D7 = {
						CreatedOnToolsVersion = 8.1;
						ProvisioningStyle = Automatic;
					};
				};
			};
			buildConfigurationList = 6BD66AEC1E08D6A400F871D7 /* Build configuration list for PBXProject "ActivityIndicatorView" */;
			compatibilityVersion = "Xcode 3.2";
			developmentRegion = English;
			hasScannedForEncodings = 0;
			knownRegions = (
				en,
				Base,
			);
			mainGroup = 6BD66AE81E08D6A400F871D7;
			productRefGroup = 6BD66AF21E08D6A400F871D7 /* Products */;
			projectDirPath = "";
			projectRoot = "";
			targets = (
				6BD66AF01E08D6A400F871D7 /* ActivityIndicatorView */,
			);
		};
/* End PBXProject section */

/* Begin PBXResourcesBuildPhase section */
		6BD66AEF1E08D6A400F871D7 /* Resources */ = {
			isa = PBXResourcesBuildPhase;
			buildActionMask = 2147483647;
			files = (
				6BD66B041E08D6A400F871D7 /* LaunchScreen.storyboard in Resources */,
				6BD66B011E08D6A400F871D7 /* Assets.xcassets in Resources */,
				6BD66AFF1E08D6A400F871D7 /* Main.storyboard in Resources */,
			);
			runOnlyForDeploymentPostprocessing = 0;
		};
/* End PBXResourcesBuildPhase section */

/* Begin PBXSourcesBuildPhase section */
		6BD66AED1E08D6A400F871D7 /* Sources */ = {
			isa = PBXSourcesBuildPhase;
			buildActionMask = 2147483647;
			files = (
				6BD66B0D1E08D86200F871D7 /* ActivityIndicatorViewController.m in Sources */,
				6BD66AF91E08D6A400F871D7 /* AppDelegate.m in Sources */,
				6BD66AF61E08D6A400F871D7 /* main.m in Sources */,
			);
			runOnlyForDeploymentPostprocessing = 0;
		};
/* End PBXSourcesBuildPhase section */

/* Begin PBXVariantGroup section */
		6BD66AFD1E08D6A400F871D7 /* Main.storyboard */ = {
			isa = PBXVariantGroup;
			children = (
				6BD66AFE1E08D6A400F871D7 /* Base */,
			);
			name = Main.storyboard;
			sourceTree = "<group>";
		};
		6BD66B021E08D6A400F871D7 /* LaunchScreen.storyboard */ = {
			isa = PBXVariantGroup;
			children = (
				6BD66B031E08D6A400F871D7 /* Base */,
			);
			name = LaunchScreen.storyboard;
			sourceTree = "<group>";
		};
/* End PBXVariantGroup section */

/* Begin XCBuildConfiguration section */
		6BD66B061E08D6A400F871D7 /* Debug */ = {
			isa = XCBuildConfiguration;
			buildSettings = {
				ALWAYS_SEARCH_USER_PATHS = NO;
				CLANG_ANALYZER_NONNULL = YES;
				CLANG_CXX_LANGUAGE_STANDARD = "gnu++0x";
				CLANG_CXX_LIBRARY = "libc++";
				CLANG_ENABLE_MODULES = YES;
				CLANG_ENABLE_OBJC_ARC = YES;
				CLANG_WARN_BOOL_CONVERSION = YES;
				CLANG_WARN_CONSTANT_CONVERSION = YES;
				CLANG_WARN_DIRECT_OBJC_ISA_USAGE = YES_ERROR;
				CLANG_WARN_DOCUMENTATION_COMMENTS = YES;
				CLANG_WARN_EMPTY_BODY = YES;
				CLANG_WARN_ENUM_CONVERSION = YES;
				CLANG_WARN_INFINITE_RECURSION = YES;
				CLANG_WARN_INT_CONVERSION = YES;
				CLANG_WARN_OBJC_ROOT_CLASS = YES_ERROR;
				CLANG_WARN_SUSPICIOUS_MOVES = YES;
				CLANG_WARN_UNREACHABLE_CODE = YES;
				CLANG_WARN__DUPLICATE_METHOD_MATCH = YES;
				"CODE_SIGN_IDENTITY[sdk=iphoneos*]" = "iPhone Developer";
				COPY_PHASE_STRIP = NO;
				DEBUG_INFORMATION_FORMAT = dwarf;
				ENABLE_STRICT_OBJC_MSGSEND = YES;
				ENABLE_TESTABILITY = YES;
				GCC_C_LANGUAGE_STANDARD = gnu99;
				GCC_DYNAMIC_NO_PIC = NO;
				GCC_NO_COMMON_BLOCKS = YES;
				GCC_OPTIMIZATION_LEVEL = 0;
				GCC_PREPROCESSOR_DEFINITIONS = (
					"DEBUG=1",
					"$(inherited)",
				);
				GCC_WARN_64_TO_32_BIT_CONVERSION = YES;
				GCC_WARN_ABOUT_RETURN_TYPE = YES_ERROR;
				GCC_WARN_UNDECLARED_SELECTOR = YES;
				GCC_WARN_UNINITIALIZED_AUTOS = YES_AGGRESSIVE;
				GCC_WARN_UNUSED_FUNCTION = YES;
				GCC_WARN_UNUSED_VARIABLE = YES;
				IPHONEOS_DEPLOYMENT_TARGET = 10.1;
				MTL_ENABLE_DEBUG_INFO = YES;
				ONLY_ACTIVE_ARCH = YES;
				SDKROOT = iphoneos;
				TARGETED_DEVICE_FAMILY = "1,2";
			};
			name = Debug;
		};
		6BD66B071E08D6A400F871D7 /* Release */ = {
			isa = XCBuildConfiguration;
			buildSettings = {
				ALWAYS_SEARCH_USER_PATHS = NO;
				CLANG_ANALYZER_NONNULL = YES;
				CLANG_CXX_LANGUAGE_STANDARD = "gnu++0x";
				CLANG_CXX_LIBRARY = "libc++";
				CLANG_ENABLE_MODULES = YES;
				CLANG_ENABLE_OBJC_ARC = YES;
				CLANG_WARN_BOOL_CONVERSION = YES;
				CLANG_WARN_CONSTANT_CONVERSION = YES;
				CLANG_WARN_DIRECT_OBJC_ISA_USAGE = YES_ERROR;
				CLANG_WARN_DOCUMENTATION_COMMENTS = YES;
				CLANG_WARN_EMPTY_BODY = YES;
				CLANG_WARN_ENUM_CONVERSION = YES;
				CLANG_WARN_INFINITE_RECURSION = YES;
				CLANG_WARN_INT_CONVERSION = YES;
				CLANG_WARN_OBJC_ROOT_CLASS = YES_ERROR;
				CLANG_WARN_SUSPICIOUS_MOVES = YES;
				CLANG_WARN_UNREACHABLE_CODE = YES;
				CLANG_WARN__DUPLICATE_METHOD_MATCH = YES;
				"CODE_SIGN_IDENTITY[sdk=iphoneos*]" = "iPhone Developer";
				COPY_PHASE_STRIP = NO;
				DEBUG_INFORMATION_FORMAT = "dwarf-with-dsym";
				ENABLE_NS_ASSERTIONS = NO;
				ENABLE_STRICT_OBJC_MSGSEND = YES;
				GCC_C_LANGUAGE_STANDARD = gnu99;
				GCC_NO_COMMON_BLOCKS = YES;
				GCC_WARN_64_TO_32_BIT_CONVERSION = YES;
				GCC_WARN_ABOUT_RETURN_TYPE = YES_ERROR;
				GCC_WARN_UNDECLARED_SELECTOR = YES;
				GCC_WARN_UNINITIALIZED_AUTOS = YES_AGGRESSIVE;
				GCC_WARN_UNUSED_FUNCTION = YES;
				GCC_WARN_UNUSED_VARIABLE = YES;
				IPHONEOS_DEPLOYMENT_TARGET = 10.1;
				MTL_ENABLE_DEBUG_INFO = NO;
				SDKROOT = iphoneos;
				TARGETED_DEVICE_FAMILY = "1,2";
				VALIDATE_PRODUCT = YES;
			};
			name = Release;
		};
		6BD66B091E08D6A400F871D7 /* Debug */ = {
			isa = XCBuildConfiguration;
			buildSettings = {
				ASSETCATALOG_COMPILER_APPICON_NAME = AppIcon;
				DEVELOPMENT_TEAM = "";
				INFOPLIST_FILE = ActivityIndicatorView/Info.plist;
				LD_RUNPATH_SEARCH_PATHS = "$(inherited) @executable_path/Frameworks";
				PRODUCT_BUNDLE_IDENTIFIER = com.LC.ActivityIndicatorView;
				PRODUCT_NAME = "$(TARGET_NAME)";
			};
			name = Debug;
		};
		6BD66B0A1E08D6A400F871D7 /* Release */ = {
			isa = XCBuildConfiguration;
			buildSettings = {
				ASSETCATALOG_COMPILER_APPICON_NAME = AppIcon;
				DEVELOPMENT_TEAM = "";
				INFOPLIST_FILE = ActivityIndicatorView/Info.plist;
				LD_RUNPATH_SEARCH_PATHS = "$(inherited) @executable_path/Frameworks";
				PRODUCT_BUNDLE_IDENTIFIER = com.LC.ActivityIndicatorView;
				PRODUCT_NAME = "$(TARGET_NAME)";
			};
			name = Release;
		};
/* End XCBuildConfiguration section */

/* Begin XCConfigurationList section */
		6BD66AEC1E08D6A400F871D7 /* Build configuration list for PBXProject "ActivityIndicatorView" */ = {
			isa = XCConfigurationList;
			buildConfigurations = (
				6BD66B061E08D6A400F871D7 /* Debug */,
				6BD66B071E08D6A400F871D7 /* Release */,
			);
			defaultConfigurationIsVisible = 0;
			defaultConfigurationName = Release;
		};
		6BD66B081E08D6A400F871D7 /* Build configuration list for PBXNativeTarget "ActivityIndicatorView" */ = {
			isa = XCConfigurationList;
			buildConfigurations = (
				6BD66B091E08D6A400F871D7 /* Debug */,
				6BD66B0A1E08D6A400F871D7 /* Release */,
			);
			defaultConfigurationIsVisible = 0;
		};
/* End XCConfigurationList section */
	};
	rootObject = 6BD66AE91E08D6A400F871D7 /* Project object */;
}
