// !$*UTF8*$!
{
	archiveVersion = 1;
	classes = {
	};
	objectVersion = 46;
	objects = {

/* Begin PBXBuildFile section */
		6BE7125C1D23831C00E38FAD /* main.m in Sources */ = {isa = PBXBuildFile; fileRef = 6BE7125B1D23831C00E38FAD /* main.m */; };
		6BE7125F1D23831C00E38FAD /* AppDelegate.m in Sources */ = {isa = PBXBuildFile; fileRef = 6BE7125E1D23831C00E38FAD /* AppDelegate.m */; };
		6BE712621D23831C00E38FAD /* ViewController.m in Sources */ = {isa = PBXBuildFile; fileRef = 6BE712611D23831C00E38FAD /* ViewController.m */; };
		6BE712651D23831C00E38FAD /* Main.storyboard in Resources */ = {isa = PBXBuildFile; fileRef = 6BE712631D23831C00E38FAD /* Main.storyboard */; };
		6BE712671D23831C00E38FAD /* Assets.xcassets in Resources */ = {isa = PBXBuildFile; fileRef = 6BE712661D23831C00E38FAD /* Assets.xcassets */; };
		6BE7126A1D23831C00E38FAD /* LaunchScreen.storyboard in Resources */ = {isa = PBXBuildFile; fileRef = 6BE712681D23831C00E38FAD /* LaunchScreen.storyboard */; };
		6BE712721D23BA3500E38FAD /* Property.plist in Resources */ = {isa = PBXBuildFile; fileRef = 6BE712711D23BA3500E38FAD /* Property.plist */; };
/* End PBXBuildFile section */

/* Begin PBXFileReference section */
		6BE712571D23831C00E38FAD /* UITableView.app */ = {isa = PBXFileReference; explicitFileType = wrapper.application; includeInIndex = 0; path = UITableView.app; sourceTree = BUILT_PRODUCTS_DIR; };
		6BE7125B1D23831C00E38FAD /* main.m */ = {isa = PBXFileReference; lastKnownFileType = sourcecode.c.objc; path = main.m; sourceTree = "<group>"; };
		6BE7125D1D23831C00E38FAD /* AppDelegate.h */ = {isa = PBXFileReference; lastKnownFileType = sourcecode.c.h; path = AppDelegate.h; sourceTree = "<group>"; };
		6BE7125E1D23831C00E38FAD /* AppDelegate.m */ = {isa = PBXFileReference; lastKnownFileType = sourcecode.c.objc; path = AppDelegate.m; sourceTree = "<group>"; };
		6BE712601D23831C00E38FAD /* ViewController.h */ = {isa = PBXFileReference; lastKnownFileType = sourcecode.c.h; path = ViewController.h; sourceTree = "<group>"; };
		6BE712611D23831C00E38FAD /* ViewController.m */ = {isa = PBXFileReference; lastKnownFileType = sourcecode.c.objc; path = ViewController.m; sourceTree = "<group>"; };
		6BE712641D23831C00E38FAD /* Base */ = {isa = PBXFileReference; lastKnownFileType = file.storyboard; name = Base; path = Base.lproj/Main.storyboard; sourceTree = "<group>"; };
		6BE712661D23831C00E38FAD /* Assets.xcassets */ = {isa = PBXFileReference; lastKnownFileType = folder.assetcatalog; path = Assets.xcassets; sourceTree = "<group>"; };
		6BE712691D23831C00E38FAD /* Base */ = {isa = PBXFileReference; lastKnownFileType = file.storyboard; name = Base; path = Base.lproj/LaunchScreen.storyboard; sourceTree = "<group>"; };
		6BE7126B1D23831C00E38FAD /* Info.plist */ = {isa = PBXFileReference; lastKnownFileType = text.plist.xml; path = Info.plist; sourceTree = "<group>"; };
		6BE712711D23BA3500E38FAD /* Property.plist */ = {isa = PBXFileReference; fileEncoding = 4; lastKnownFileType = text.plist.xml; path = Property.plist; sourceTree = "<group>"; };
/* End PBXFileReference section */

/* Begin PBXFrameworksBuildPhase section */
		6BE712541D23831C00E38FAD /* Frameworks */ = {
			isa = PBXFrameworksBuildPhase;
			buildActionMask = 2147483647;
			files = (
			);
			runOnlyForDeploymentPostprocessing = 0;
		};
/* End PBXFrameworksBuildPhase section */

/* Begin PBXGroup section */
		6BE7124E1D23831C00E38FAD = {
			isa = PBXGroup;
			children = (
				6BE712591D23831C00E38FAD /* UITableView */,
				6BE712581D23831C00E38FAD /* Products */,
			);
			sourceTree = "<group>";
		};
		6BE712581D23831C00E38FAD /* Products */ = {
			isa = PBXGroup;
			children = (
				6BE712571D23831C00E38FAD /* UITableView.app */,
			);
			name = Products;
			sourceTree = "<group>";
		};
		6BE712591D23831C00E38FAD /* UITableView */ = {
			isa = PBXGroup;
			children = (
				6BE7125D1D23831C00E38FAD /* AppDelegate.h */,
				6BE7125E1D23831C00E38FAD /* AppDelegate.m */,
				6BE712601D23831C00E38FAD /* ViewController.h */,
				6BE712611D23831C00E38FAD /* ViewController.m */,
				6BE712631D23831C00E38FAD /* Main.storyboard */,
				6BE712661D23831C00E38FAD /* Assets.xcassets */,
				6BE712681D23831C00E38FAD /* LaunchScreen.storyboard */,
				6BE712711D23BA3500E38FAD /* Property.plist */,
				6BE7126B1D23831C00E38FAD /* Info.plist */,
				6BE7125A1D23831C00E38FAD /* Supporting Files */,
			);
			path = UITableView;
			sourceTree = "<group>";
		};
		6BE7125A1D23831C00E38FAD /* Supporting Files */ = {
			isa = PBXGroup;
			children = (
				6BE7125B1D23831C00E38FAD /* main.m */,
			);
			name = "Supporting Files";
			sourceTree = "<group>";
		};
/* End PBXGroup section */

/* Begin PBXNativeTarget section */
		6BE712561D23831C00E38FAD /* UITableView */ = {
			isa = PBXNativeTarget;
			buildConfigurationList = 6BE7126E1D23831C00E38FAD /* Build configuration list for PBXNativeTarget "UITableView" */;
			buildPhases = (
				6BE712531D23831C00E38FAD /* Sources */,
				6BE712541D23831C00E38FAD /* Frameworks */,
				6BE712551D23831C00E38FAD /* Resources */,
			);
			buildRules = (
			);
			dependencies = (
			);
			name = UITableView;
			productName = UITableView;
			productReference = 6BE712571D23831C00E38FAD /* UITableView.app */;
			productType = "com.apple.product-type.application";
		};
/* End PBXNativeTarget section */

/* Begin PBXProject section */
		6BE7124F1D23831C00E38FAD /* Project object */ = {
			isa = PBXProject;
			attributes = {
				LastUpgradeCheck = 0730;
				ORGANIZATIONNAME = LC;
				TargetAttributes = {
					6BE712561D23831C00E38FAD = {
						CreatedOnToolsVersion = 7.3.1;
					};
				};
			};
			buildConfigurationList = 6BE712521D23831C00E38FAD /* Build configuration list for PBXProject "UITableView" */;
			compatibilityVersion = "Xcode 3.2";
			developmentRegion = English;
			hasScannedForEncodings = 0;
			knownRegions = (
				en,
				Base,
			);
			mainGroup = 6BE7124E1D23831C00E38FAD;
			productRefGroup = 6BE712581D23831C00E38FAD /* Products */;
			projectDirPath = "";
			projectRoot = "";
			targets = (
				6BE712561D23831C00E38FAD /* UITableView */,
			);
		};
/* End PBXProject section */

/* Begin PBXResourcesBuildPhase section */
		6BE712551D23831C00E38FAD /* Resources */ = {
			isa = PBXResourcesBuildPhase;
			buildActionMask = 2147483647;
			files = (
				6BE7126A1D23831C00E38FAD /* LaunchScreen.storyboard in Resources */,
				6BE712721D23BA3500E38FAD /* Property.plist in Resources */,
				6BE712671D23831C00E38FAD /* Assets.xcassets in Resources */,
				6BE712651D23831C00E38FAD /* Main.storyboard in Resources */,
			);
			runOnlyForDeploymentPostprocessing = 0;
		};
/* End PBXResourcesBuildPhase section */

/* Begin PBXSourcesBuildPhase section */
		6BE712531D23831C00E38FAD /* Sources */ = {
			isa = PBXSourcesBuildPhase;
			buildActionMask = 2147483647;
			files = (
				6BE712621D23831C00E38FAD /* ViewController.m in Sources */,
				6BE7125F1D23831C00E38FAD /* AppDelegate.m in Sources */,
				6BE7125C1D23831C00E38FAD /* main.m in Sources */,
			);
			runOnlyForDeploymentPostprocessing = 0;
		};
/* End PBXSourcesBuildPhase section */

/* Begin PBXVariantGroup section */
		6BE712631D23831C00E38FAD /* Main.storyboard */ = {
			isa = PBXVariantGroup;
			children = (
				6BE712641D23831C00E38FAD /* Base */,
			);
			name = Main.storyboard;
			sourceTree = "<group>";
		};
		6BE712681D23831C00E38FAD /* LaunchScreen.storyboard */ = {
			isa = PBXVariantGroup;
			children = (
				6BE712691D23831C00E38FAD /* Base */,
			);
			name = LaunchScreen.storyboard;
			sourceTree = "<group>";
		};
/* End PBXVariantGroup section */

/* Begin XCBuildConfiguration section */
		6BE7126C1D23831C00E38FAD /* Debug */ = {
			isa = XCBuildConfiguration;
			buildSettings = {
				ALWAYS_SEARCH_USER_PATHS = NO;
				CLANG_ANALYZER_NONNULL = YES;
				CLANG_CXX_LANGUAGE_STANDARD = "gnu++0x";
				CLANG_CXX_LIBRARY = "libc++";
				CLANG_ENABLE_MODULES = YES;
				CLANG_ENABLE_OBJC_ARC = YES;
				CLANG_WARN_BOOL_CONVERSION = YES;
				CLANG_WARN_CONSTANT_CONVERSION = YES;
				CLANG_WARN_DIRECT_OBJC_ISA_USAGE = YES_ERROR;
				CLANG_WARN_EMPTY_BODY = YES;
				CLANG_WARN_ENUM_CONVERSION = YES;
				CLANG_WARN_INT_CONVERSION = YES;
				CLANG_WARN_OBJC_ROOT_CLASS = YES_ERROR;
				CLANG_WARN_UNREACHABLE_CODE = YES;
				CLANG_WARN__DUPLICATE_METHOD_MATCH = YES;
				"CODE_SIGN_IDENTITY[sdk=iphoneos*]" = "iPhone Developer";
				COPY_PHASE_STRIP = NO;
				DEBUG_INFORMATION_FORMAT = dwarf;
				ENABLE_STRICT_OBJC_MSGSEND = YES;
				ENABLE_TESTABILITY = YES;
				GCC_C_LANGUAGE_STANDARD = gnu99;
				GCC_DYNAMIC_NO_PIC = NO;
				GCC_NO_COMMON_BLOCKS = YES;
				GCC_OPTIMIZATION_LEVEL = 0;
				GCC_PREPROCESSOR_DEFINITIONS = (
					"DEBUG=1",
					"$(inherited)",
				);
				GCC_WARN_64_TO_32_BIT_CONVERSION = YES;
				GCC_WARN_ABOUT_RETURN_TYPE = YES_ERROR;
				GCC_WARN_UNDECLARED_SELECTOR = YES;
				GCC_WARN_UNINITIALIZED_AUTOS = YES_AGGRESSIVE;
				GCC_WARN_UNUSED_FUNCTION = YES;
				GCC_WARN_UNUSED_VARIABLE = YES;
				IPHONEOS_DEPLOYMENT_TARGET = 9.3;
				MTL_ENABLE_DEBUG_INFO = YES;
				ONLY_ACTIVE_ARCH = YES;
				SDKROOT = iphoneos;
				TARGETED_DEVICE_FAMILY = "1,2";
			};
			name = Debug;
		};
		6BE7126D1D23831C00E38FAD /* Release */ = {
			isa = XCBuildConfiguration;
			buildSettings = {
				ALWAYS_SEARCH_USER_PATHS = NO;
				CLANG_ANALYZER_NONNULL = YES;
				CLANG_CXX_LANGUAGE_STANDARD = "gnu++0x";
				CLANG_CXX_LIBRARY = "libc++";
				CLANG_ENABLE_MODULES = YES;
				CLANG_ENABLE_OBJC_ARC = YES;
				CLANG_WARN_BOOL_CONVERSION = YES;
				CLANG_WARN_CONSTANT_CONVERSION = YES;
				CLANG_WARN_DIRECT_OBJC_ISA_USAGE = YES_ERROR;
				CLANG_WARN_EMPTY_BODY = YES;
				CLANG_WARN_ENUM_CONVERSION = YES;
				CLANG_WARN_INT_CONVERSION = YES;
				CLANG_WARN_OBJC_ROOT_CLASS = YES_ERROR;
				CLANG_WARN_UNREACHABLE_CODE = YES;
				CLANG_WARN__DUPLICATE_METHOD_MATCH = YES;
				"CODE_SIGN_IDENTITY[sdk=iphoneos*]" = "iPhone Developer";
				COPY_PHASE_STRIP = NO;
				DEBUG_INFORMATION_FORMAT = "dwarf-with-dsym";
				ENABLE_NS_ASSERTIONS = NO;
				ENABLE_STRICT_OBJC_MSGSEND = YES;
				GCC_C_LANGUAGE_STANDARD = gnu99;
				GCC_NO_COMMON_BLOCKS = YES;
				GCC_WARN_64_TO_32_BIT_CONVERSION = YES;
				GCC_WARN_ABOUT_RETURN_TYPE = YES_ERROR;
				GCC_WARN_UNDECLARED_SELECTOR = YES;
				GCC_WARN_UNINITIALIZED_AUTOS = YES_AGGRESSIVE;
				GCC_WARN_UNUSED_FUNCTION = YES;
				GCC_WARN_UNUSED_VARIABLE = YES;
				IPHONEOS_DEPLOYMENT_TARGET = 9.3;
				MTL_ENABLE_DEBUG_INFO = NO;
				SDKROOT = iphoneos;
				TARGETED_DEVICE_FAMILY = "1,2";
				VALIDATE_PRODUCT = YES;
			};
			name = Release;
		};
		6BE7126F1D23831C00E38FAD /* Debug */ = {
			isa = XCBuildConfiguration;
			buildSettings = {
				ASSETCATALOG_COMPILER_APPICON_NAME = AppIcon;
				CODE_SIGN_IDENTITY = "iPhone Developer";
				INFOPLIST_FILE = UITableView/Info.plist;
				LD_RUNPATH_SEARCH_PATHS = "$(inherited) @executable_path/Frameworks";
				PRODUCT_BUNDLE_IDENTIFIER = com.LC.UITableView;
				PRODUCT_NAME = "$(TARGET_NAME)";
			};
			name = Debug;
		};
		6BE712701D23831C00E38FAD /* Release */ = {
			isa = XCBuildConfiguration;
			buildSettings = {
				ASSETCATALOG_COMPILER_APPICON_NAME = AppIcon;
				CODE_SIGN_IDENTITY = "iPhone Developer";
				INFOPLIST_FILE = UITableView/Info.plist;
				LD_RUNPATH_SEARCH_PATHS = "$(inherited) @executable_path/Frameworks";
				PRODUCT_BUNDLE_IDENTIFIER = com.LC.UITableView;
				PRODUCT_NAME = "$(TARGET_NAME)";
			};
			name = Release;
		};
/* End XCBuildConfiguration section */

/* Begin XCConfigurationList section */
		6BE712521D23831C00E38FAD /* Build configuration list for PBXProject "UITableView" */ = {
			isa = XCConfigurationList;
			buildConfigurations = (
				6BE7126C1D23831C00E38FAD /* Debug */,
				6BE7126D1D23831C00E38FAD /* Release */,
			);
			defaultConfigurationIsVisible = 0;
			defaultConfigurationName = Release;
		};
		6BE7126E1D23831C00E38FAD /* Build configuration list for PBXNativeTarget "UITableView" */ = {
			isa = XCConfigurationList;
			buildConfigurations = (
				6BE7126F1D23831C00E38FAD /* Debug */,
				6BE712701D23831C00E38FAD /* Release */,
			);
			defaultConfigurationIsVisible = 0;
		};
/* End XCConfigurationList section */
	};
	rootObject = 6BE7124F1D23831C00E38FAD /* Project object */;
}
