// !$*UTF8*$!
{
	archiveVersion = 1;
	classes = {
	};
	objectVersion = 46;
	objects = {

/* Begin PBXBuildFile section */
		6B206FEE1D3DF52A004D22B2 /* main.m in Sources */ = {isa = PBXBuildFile; fileRef = 6B206FED1D3DF52A004D22B2 /* main.m */; };
		6B206FF11D3DF52A004D22B2 /* AppDelegate.m in Sources */ = {isa = PBXBuildFile; fileRef = 6B206FF01D3DF52A004D22B2 /* AppDelegate.m */; };
		6B206FF41D3DF52A004D22B2 /* ViewController.m in Sources */ = {isa = PBXBuildFile; fileRef = 6B206FF31D3DF52A004D22B2 /* ViewController.m */; };
		6B206FF71D3DF52A004D22B2 /* Main.storyboard in Resources */ = {isa = PBXBuildFile; fileRef = 6B206FF51D3DF52A004D22B2 /* Main.storyboard */; };
		6B206FF91D3DF52A004D22B2 /* Assets.xcassets in Resources */ = {isa = PBXBuildFile; fileRef = 6B206FF81D3DF52A004D22B2 /* Assets.xcassets */; };
		6B206FFC1D3DF52A004D22B2 /* LaunchScreen.storyboard in Resources */ = {isa = PBXBuildFile; fileRef = 6B206FFA1D3DF52A004D22B2 /* LaunchScreen.storyboard */; };
		6B20700F1D3DFF55004D22B2 /* lxm1.JPG in Resources */ = {isa = PBXBuildFile; fileRef = 6B2070041D3DFF55004D22B2 /* lxm1.JPG */; };
		6B2070101D3DFF55004D22B2 /* lxm2.JPG in Resources */ = {isa = PBXBuildFile; fileRef = 6B2070051D3DFF55004D22B2 /* lxm2.JPG */; };
		6B2070111D3DFF55004D22B2 /* lxm3.JPG in Resources */ = {isa = PBXBuildFile; fileRef = 6B2070061D3DFF55004D22B2 /* lxm3.JPG */; };
		6B2070121D3DFF55004D22B2 /* lxm4.JPG in Resources */ = {isa = PBXBuildFile; fileRef = 6B2070071D3DFF55004D22B2 /* lxm4.JPG */; };
		6B2070131D3DFF55004D22B2 /* lxm5.JPG in Resources */ = {isa = PBXBuildFile; fileRef = 6B2070081D3DFF55004D22B2 /* lxm5.JPG */; };
		6B2070141D3DFF55004D22B2 /* lxm6.JPG in Resources */ = {isa = PBXBuildFile; fileRef = 6B2070091D3DFF55004D22B2 /* lxm6.JPG */; };
		6B2070151D3DFF55004D22B2 /* lxm7.JPG in Resources */ = {isa = PBXBuildFile; fileRef = 6B20700A1D3DFF55004D22B2 /* lxm7.JPG */; };
		6B2070161D3DFF55004D22B2 /* lxm8.JPG in Resources */ = {isa = PBXBuildFile; fileRef = 6B20700B1D3DFF55004D22B2 /* lxm8.JPG */; };
		6B2070171D3DFF55004D22B2 /* lxm9.JPG in Resources */ = {isa = PBXBuildFile; fileRef = 6B20700C1D3DFF55004D22B2 /* lxm9.JPG */; };
		6B2070181D3DFF55004D22B2 /* lxm10.JPG in Resources */ = {isa = PBXBuildFile; fileRef = 6B20700D1D3DFF55004D22B2 /* lxm10.JPG */; };
		6B2070191D3DFF55004D22B2 /* lxm11.JPG in Resources */ = {isa = PBXBuildFile; fileRef = 6B20700E1D3DFF55004D22B2 /* lxm11.JPG */; };
/* End PBXBuildFile section */

/* Begin PBXFileReference section */
		6B206FE91D3DF52A004D22B2 /* UICollectionView.app */ = {isa = PBXFileReference; explicitFileType = wrapper.application; includeInIndex = 0; path = UICollectionView.app; sourceTree = BUILT_PRODUCTS_DIR; };
		6B206FED1D3DF52A004D22B2 /* main.m */ = {isa = PBXFileReference; lastKnownFileType = sourcecode.c.objc; path = main.m; sourceTree = "<group>"; };
		6B206FEF1D3DF52A004D22B2 /* AppDelegate.h */ = {isa = PBXFileReference; lastKnownFileType = sourcecode.c.h; path = AppDelegate.h; sourceTree = "<group>"; };
		6B206FF01D3DF52A004D22B2 /* AppDelegate.m */ = {isa = PBXFileReference; lastKnownFileType = sourcecode.c.objc; path = AppDelegate.m; sourceTree = "<group>"; };
		6B206FF21D3DF52A004D22B2 /* ViewController.h */ = {isa = PBXFileReference; lastKnownFileType = sourcecode.c.h; path = ViewController.h; sourceTree = "<group>"; };
		6B206FF31D3DF52A004D22B2 /* ViewController.m */ = {isa = PBXFileReference; lastKnownFileType = sourcecode.c.objc; path = ViewController.m; sourceTree = "<group>"; };
		6B206FF61D3DF52A004D22B2 /* Base */ = {isa = PBXFileReference; lastKnownFileType = file.storyboard; name = Base; path = Base.lproj/Main.storyboard; sourceTree = "<group>"; };
		6B206FF81D3DF52A004D22B2 /* Assets.xcassets */ = {isa = PBXFileReference; lastKnownFileType = folder.assetcatalog; path = Assets.xcassets; sourceTree = "<group>"; };
		6B206FFB1D3DF52A004D22B2 /* Base */ = {isa = PBXFileReference; lastKnownFileType = file.storyboard; name = Base; path = Base.lproj/LaunchScreen.storyboard; sourceTree = "<group>"; };
		6B206FFD1D3DF52A004D22B2 /* Info.plist */ = {isa = PBXFileReference; lastKnownFileType = text.plist.xml; path = Info.plist; sourceTree = "<group>"; };
		6B2070041D3DFF55004D22B2 /* lxm1.JPG */ = {isa = PBXFileReference; lastKnownFileType = image.jpeg; path = lxm1.JPG; sourceTree = "<group>"; };
		6B2070051D3DFF55004D22B2 /* lxm2.JPG */ = {isa = PBXFileReference; lastKnownFileType = image.jpeg; path = lxm2.JPG; sourceTree = "<group>"; };
		6B2070061D3DFF55004D22B2 /* lxm3.JPG */ = {isa = PBXFileReference; lastKnownFileType = image.jpeg; path = lxm3.JPG; sourceTree = "<group>"; };
		6B2070071D3DFF55004D22B2 /* lxm4.JPG */ = {isa = PBXFileReference; lastKnownFileType = image.jpeg; path = lxm4.JPG; sourceTree = "<group>"; };
		6B2070081D3DFF55004D22B2 /* lxm5.JPG */ = {isa = PBXFileReference; lastKnownFileType = image.jpeg; path = lxm5.JPG; sourceTree = "<group>"; };
		6B2070091D3DFF55004D22B2 /* lxm6.JPG */ = {isa = PBXFileReference; lastKnownFileType = image.jpeg; path = lxm6.JPG; sourceTree = "<group>"; };
		6B20700A1D3DFF55004D22B2 /* lxm7.JPG */ = {isa = PBXFileReference; lastKnownFileType = image.jpeg; path = lxm7.JPG; sourceTree = "<group>"; };
		6B20700B1D3DFF55004D22B2 /* lxm8.JPG */ = {isa = PBXFileReference; lastKnownFileType = image.jpeg; path = lxm8.JPG; sourceTree = "<group>"; };
		6B20700C1D3DFF55004D22B2 /* lxm9.JPG */ = {isa = PBXFileReference; lastKnownFileType = image.jpeg; path = lxm9.JPG; sourceTree = "<group>"; };
		6B20700D1D3DFF55004D22B2 /* lxm10.JPG */ = {isa = PBXFileReference; lastKnownFileType = image.jpeg; path = lxm10.JPG; sourceTree = "<group>"; };
		6B20700E1D3DFF55004D22B2 /* lxm11.JPG */ = {isa = PBXFileReference; lastKnownFileType = image.jpeg; path = lxm11.JPG; sourceTree = "<group>"; };
/* End PBXFileReference section */

/* Begin PBXFrameworksBuildPhase section */
		6B206FE61D3DF52A004D22B2 /* Frameworks */ = {
			isa = PBXFrameworksBuildPhase;
			buildActionMask = 2147483647;
			files = (
			);
			runOnlyForDeploymentPostprocessing = 0;
		};
/* End PBXFrameworksBuildPhase section */

/* Begin PBXGroup section */
		6B206FE01D3DF52A004D22B2 = {
			isa = PBXGroup;
			children = (
				6B206FEB1D3DF52A004D22B2 /* UICollectionView */,
				6B206FEA1D3DF52A004D22B2 /* Products */,
			);
			sourceTree = "<group>";
		};
		6B206FEA1D3DF52A004D22B2 /* Products */ = {
			isa = PBXGroup;
			children = (
				6B206FE91D3DF52A004D22B2 /* UICollectionView.app */,
			);
			name = Products;
			sourceTree = "<group>";
		};
		6B206FEB1D3DF52A004D22B2 /* UICollectionView */ = {
			isa = PBXGroup;
			children = (
				6B2070031D3DFF45004D22B2 /* mm */,
				6B206FEF1D3DF52A004D22B2 /* AppDelegate.h */,
				6B206FF01D3DF52A004D22B2 /* AppDelegate.m */,
				6B206FF21D3DF52A004D22B2 /* ViewController.h */,
				6B206FF31D3DF52A004D22B2 /* ViewController.m */,
				6B206FF51D3DF52A004D22B2 /* Main.storyboard */,
				6B206FF81D3DF52A004D22B2 /* Assets.xcassets */,
				6B206FFA1D3DF52A004D22B2 /* LaunchScreen.storyboard */,
				6B206FFD1D3DF52A004D22B2 /* Info.plist */,
				6B206FEC1D3DF52A004D22B2 /* Supporting Files */,
			);
			path = UICollectionView;
			sourceTree = "<group>";
		};
		6B206FEC1D3DF52A004D22B2 /* Supporting Files */ = {
			isa = PBXGroup;
			children = (
				6B206FED1D3DF52A004D22B2 /* main.m */,
			);
			name = "Supporting Files";
			sourceTree = "<group>";
		};
		6B2070031D3DFF45004D22B2 /* mm */ = {
			isa = PBXGroup;
			children = (
				6B2070041D3DFF55004D22B2 /* lxm1.JPG */,
				6B2070051D3DFF55004D22B2 /* lxm2.JPG */,
				6B2070061D3DFF55004D22B2 /* lxm3.JPG */,
				6B2070071D3DFF55004D22B2 /* lxm4.JPG */,
				6B2070081D3DFF55004D22B2 /* lxm5.JPG */,
				6B2070091D3DFF55004D22B2 /* lxm6.JPG */,
				6B20700A1D3DFF55004D22B2 /* lxm7.JPG */,
				6B20700B1D3DFF55004D22B2 /* lxm8.JPG */,
				6B20700C1D3DFF55004D22B2 /* lxm9.JPG */,
				6B20700D1D3DFF55004D22B2 /* lxm10.JPG */,
				6B20700E1D3DFF55004D22B2 /* lxm11.JPG */,
			);
			name = mm;
			sourceTree = "<group>";
		};
/* End PBXGroup section */

/* Begin PBXNativeTarget section */
		6B206FE81D3DF52A004D22B2 /* UICollectionView */ = {
			isa = PBXNativeTarget;
			buildConfigurationList = 6B2070001D3DF52A004D22B2 /* Build configuration list for PBXNativeTarget "UICollectionView" */;
			buildPhases = (
				6B206FE51D3DF52A004D22B2 /* Sources */,
				6B206FE61D3DF52A004D22B2 /* Frameworks */,
				6B206FE71D3DF52A004D22B2 /* Resources */,
			);
			buildRules = (
			);
			dependencies = (
			);
			name = UICollectionView;
			productName = UICollectionView;
			productReference = 6B206FE91D3DF52A004D22B2 /* UICollectionView.app */;
			productType = "com.apple.product-type.application";
		};
/* End PBXNativeTarget section */

/* Begin PBXProject section */
		6B206FE11D3DF52A004D22B2 /* Project object */ = {
			isa = PBXProject;
			attributes = {
				LastUpgradeCheck = 0730;
				ORGANIZATIONNAME = LC;
				TargetAttributes = {
					6B206FE81D3DF52A004D22B2 = {
						CreatedOnToolsVersion = 7.3.1;
					};
				};
			};
			buildConfigurationList = 6B206FE41D3DF52A004D22B2 /* Build configuration list for PBXProject "UICollectionView" */;
			compatibilityVersion = "Xcode 3.2";
			developmentRegion = English;
			hasScannedForEncodings = 0;
			knownRegions = (
				en,
				Base,
			);
			mainGroup = 6B206FE01D3DF52A004D22B2;
			productRefGroup = 6B206FEA1D3DF52A004D22B2 /* Products */;
			projectDirPath = "";
			projectRoot = "";
			targets = (
				6B206FE81D3DF52A004D22B2 /* UICollectionView */,
			);
		};
/* End PBXProject section */

/* Begin PBXResourcesBuildPhase section */
		6B206FE71D3DF52A004D22B2 /* Resources */ = {
			isa = PBXResourcesBuildPhase;
			buildActionMask = 2147483647;
			files = (
				6B2070181D3DFF55004D22B2 /* lxm10.JPG in Resources */,
				6B2070121D3DFF55004D22B2 /* lxm4.JPG in Resources */,
				6B206FFC1D3DF52A004D22B2 /* LaunchScreen.storyboard in Resources */,
				6B20700F1D3DFF55004D22B2 /* lxm1.JPG in Resources */,
				6B2070151D3DFF55004D22B2 /* lxm7.JPG in Resources */,
				6B2070141D3DFF55004D22B2 /* lxm6.JPG in Resources */,
				6B206FF91D3DF52A004D22B2 /* Assets.xcassets in Resources */,
				6B2070191D3DFF55004D22B2 /* lxm11.JPG in Resources */,
				6B2070111D3DFF55004D22B2 /* lxm3.JPG in Resources */,
				6B2070131D3DFF55004D22B2 /* lxm5.JPG in Resources */,
				6B2070161D3DFF55004D22B2 /* lxm8.JPG in Resources */,
				6B2070171D3DFF55004D22B2 /* lxm9.JPG in Resources */,
				6B2070101D3DFF55004D22B2 /* lxm2.JPG in Resources */,
				6B206FF71D3DF52A004D22B2 /* Main.storyboard in Resources */,
			);
			runOnlyForDeploymentPostprocessing = 0;
		};
/* End PBXResourcesBuildPhase section */

/* Begin PBXSourcesBuildPhase section */
		6B206FE51D3DF52A004D22B2 /* Sources */ = {
			isa = PBXSourcesBuildPhase;
			buildActionMask = 2147483647;
			files = (
				6B206FF41D3DF52A004D22B2 /* ViewController.m in Sources */,
				6B206FF11D3DF52A004D22B2 /* AppDelegate.m in Sources */,
				6B206FEE1D3DF52A004D22B2 /* main.m in Sources */,
			);
			runOnlyForDeploymentPostprocessing = 0;
		};
/* End PBXSourcesBuildPhase section */

/* Begin PBXVariantGroup section */
		6B206FF51D3DF52A004D22B2 /* Main.storyboard */ = {
			isa = PBXVariantGroup;
			children = (
				6B206FF61D3DF52A004D22B2 /* Base */,
			);
			name = Main.storyboard;
			sourceTree = "<group>";
		};
		6B206FFA1D3DF52A004D22B2 /* LaunchScreen.storyboard */ = {
			isa = PBXVariantGroup;
			children = (
				6B206FFB1D3DF52A004D22B2 /* Base */,
			);
			name = LaunchScreen.storyboard;
			sourceTree = "<group>";
		};
/* End PBXVariantGroup section */

/* Begin XCBuildConfiguration section */
		6B206FFE1D3DF52A004D22B2 /* Debug */ = {
			isa = XCBuildConfiguration;
			buildSettings = {
				ALWAYS_SEARCH_USER_PATHS = NO;
				CLANG_ANALYZER_NONNULL = YES;
				CLANG_CXX_LANGUAGE_STANDARD = "gnu++0x";
				CLANG_CXX_LIBRARY = "libc++";
				CLANG_ENABLE_MODULES = YES;
				CLANG_ENABLE_OBJC_ARC = YES;
				CLANG_WARN_BOOL_CONVERSION = YES;
				CLANG_WARN_CONSTANT_CONVERSION = YES;
				CLANG_WARN_DIRECT_OBJC_ISA_USAGE = YES_ERROR;
				CLANG_WARN_EMPTY_BODY = YES;
				CLANG_WARN_ENUM_CONVERSION = YES;
				CLANG_WARN_INT_CONVERSION = YES;
				CLANG_WARN_OBJC_ROOT_CLASS = YES_ERROR;
				CLANG_WARN_UNREACHABLE_CODE = YES;
				CLANG_WARN__DUPLICATE_METHOD_MATCH = YES;
				"CODE_SIGN_IDENTITY[sdk=iphoneos*]" = "iPhone Developer";
				COPY_PHASE_STRIP = NO;
				DEBUG_INFORMATION_FORMAT = dwarf;
				ENABLE_STRICT_OBJC_MSGSEND = YES;
				ENABLE_TESTABILITY = YES;
				GCC_C_LANGUAGE_STANDARD = gnu99;
				GCC_DYNAMIC_NO_PIC = NO;
				GCC_NO_COMMON_BLOCKS = YES;
				GCC_OPTIMIZATION_LEVEL = 0;
				GCC_PREPROCESSOR_DEFINITIONS = (
					"DEBUG=1",
					"$(inherited)",
				);
				GCC_WARN_64_TO_32_BIT_CONVERSION = YES;
				GCC_WARN_ABOUT_RETURN_TYPE = YES_ERROR;
				GCC_WARN_UNDECLARED_SELECTOR = YES;
				GCC_WARN_UNINITIALIZED_AUTOS = YES_AGGRESSIVE;
				GCC_WARN_UNUSED_FUNCTION = YES;
				GCC_WARN_UNUSED_VARIABLE = YES;
				IPHONEOS_DEPLOYMENT_TARGET = 9.3;
				MTL_ENABLE_DEBUG_INFO = YES;
				ONLY_ACTIVE_ARCH = YES;
				SDKROOT = iphoneos;
			};
			name = Debug;
		};
		6B206FFF1D3DF52A004D22B2 /* Release */ = {
			isa = XCBuildConfiguration;
			buildSettings = {
				ALWAYS_SEARCH_USER_PATHS = NO;
				CLANG_ANALYZER_NONNULL = YES;
				CLANG_CXX_LANGUAGE_STANDARD = "gnu++0x";
				CLANG_CXX_LIBRARY = "libc++";
				CLANG_ENABLE_MODULES = YES;
				CLANG_ENABLE_OBJC_ARC = YES;
				CLANG_WARN_BOOL_CONVERSION = YES;
				CLANG_WARN_CONSTANT_CONVERSION = YES;
				CLANG_WARN_DIRECT_OBJC_ISA_USAGE = YES_ERROR;
				CLANG_WARN_EMPTY_BODY = YES;
				CLANG_WARN_ENUM_CONVERSION = YES;
				CLANG_WARN_INT_CONVERSION = YES;
				CLANG_WARN_OBJC_ROOT_CLASS = YES_ERROR;
				CLANG_WARN_UNREACHABLE_CODE = YES;
				CLANG_WARN__DUPLICATE_METHOD_MATCH = YES;
				"CODE_SIGN_IDENTITY[sdk=iphoneos*]" = "iPhone Developer";
				COPY_PHASE_STRIP = NO;
				DEBUG_INFORMATION_FORMAT = "dwarf-with-dsym";
				ENABLE_NS_ASSERTIONS = NO;
				ENABLE_STRICT_OBJC_MSGSEND = YES;
				GCC_C_LANGUAGE_STANDARD = gnu99;
				GCC_NO_COMMON_BLOCKS = YES;
				GCC_WARN_64_TO_32_BIT_CONVERSION = YES;
				GCC_WARN_ABOUT_RETURN_TYPE = YES_ERROR;
				GCC_WARN_UNDECLARED_SELECTOR = YES;
				GCC_WARN_UNINITIALIZED_AUTOS = YES_AGGRESSIVE;
				GCC_WARN_UNUSED_FUNCTION = YES;
				GCC_WARN_UNUSED_VARIABLE = YES;
				IPHONEOS_DEPLOYMENT_TARGET = 9.3;
				MTL_ENABLE_DEBUG_INFO = NO;
				SDKROOT = iphoneos;
				VALIDATE_PRODUCT = YES;
			};
			name = Release;
		};
		6B2070011D3DF52A004D22B2 /* Debug */ = {
			isa = XCBuildConfiguration;
			buildSettings = {
				ASSETCATALOG_COMPILER_APPICON_NAME = AppIcon;
				CODE_SIGN_IDENTITY = "iPhone Developer";
				INFOPLIST_FILE = UICollectionView/Info.plist;
				LD_RUNPATH_SEARCH_PATHS = "$(inherited) @executable_path/Frameworks";
				PRODUCT_BUNDLE_IDENTIFIER = com.LC.UICollectionView;
				PRODUCT_NAME = "$(TARGET_NAME)";
			};
			name = Debug;
		};
		6B2070021D3DF52A004D22B2 /* Release */ = {
			isa = XCBuildConfiguration;
			buildSettings = {
				ASSETCATALOG_COMPILER_APPICON_NAME = AppIcon;
				CODE_SIGN_IDENTITY = "iPhone Developer";
				INFOPLIST_FILE = UICollectionView/Info.plist;
				LD_RUNPATH_SEARCH_PATHS = "$(inherited) @executable_path/Frameworks";
				PRODUCT_BUNDLE_IDENTIFIER = com.LC.UICollectionView;
				PRODUCT_NAME = "$(TARGET_NAME)";
			};
			name = Release;
		};
/* End XCBuildConfiguration section */

/* Begin XCConfigurationList section */
		6B206FE41D3DF52A004D22B2 /* Build configuration list for PBXProject "UICollectionView" */ = {
			isa = XCConfigurationList;
			buildConfigurations = (
				6B206FFE1D3DF52A004D22B2 /* Debug */,
				6B206FFF1D3DF52A004D22B2 /* Release */,
			);
			defaultConfigurationIsVisible = 0;
			defaultConfigurationName = Release;
		};
		6B2070001D3DF52A004D22B2 /* Build configuration list for PBXNativeTarget "UICollectionView" */ = {
			isa = XCConfigurationList;
			buildConfigurations = (
				6B2070011D3DF52A004D22B2 /* Debug */,
				6B2070021D3DF52A004D22B2 /* Release */,
			);
			defaultConfigurationIsVisible = 0;
		};
/* End XCConfigurationList section */
	};
	rootObject = 6B206FE11D3DF52A004D22B2 /* Project object */;
}
